
Microsoft Visual Studio Solution File, Format Version 12.00
# Visual Studio Version 17
VisualStudioVersion = 17.14.36121.58 d17.14
MinimumVisualStudioVersion = 10.0.40219.1
Project("{FAE04EC0-301F-11D3-BF4B-00C04F79EFBC}") = "FilmesAPI", "FilmesAPI\FilmesAPI.csproj", "{088E8202-A2D7-4999-B5BD-4D023D5D13C3}"
EndProject
Global
	GlobalSection(SolutionConfigurationPlatforms) = preSolution
		Debug|Any CPU = Debug|Any CPU
		Release|Any CPU = Release|Any CPU
	EndGlobalSection
	GlobalSection(ProjectConfigurationPlatforms) = postSolution
		{088E8202-A2D7-4999-B5BD-4D023D5D13C3}.Debug|Any CPU.ActiveCfg = Debug|Any CPU
		{088E8202-A2D7-4999-B5BD-4D023D5D13C3}.Debug|Any CPU.Build.0 = Debug|Any CPU
		{088E8202-A2D7-4999-B5BD-4D023D5D13C3}.Release|Any CPU.ActiveCfg = Release|Any CPU
		{088E8202-A2D7-4999-B5BD-4D023D5D13C3}.Release|Any CPU.Build.0 = Release|Any CPU
	EndGlobalSection
	GlobalSection(SolutionProperties) = preSolution
		HideSolutionNode = FALSE
	EndGlobalSection
	GlobalSection(ExtensibilityGlobals) = postSolution
		SolutionGuid = {49CC1235-193D-4D16-98DD-F57960B212C2}
	EndGlobalSection
EndGlobal
